
Microsoft Visual Studio Solution File, Format Version 12.00
# Visual Studio Version 17
VisualStudioVersion = 17.7.34018.315
MinimumVisualStudioVersion = 10.0.40219.1
Project("{9A19103F-16F7-4668-BE54-9A1E7A4F7556}") = "WinFormsApp1", "WinFormsApp1\WinFormsApp1.csproj", "{500FF1A6-D161-4EC0-AEDB-F6690171FD9E}"
EndProject
Project("{54435603-DBB4-11D2-8724-00A0C9A8B90C}") = "Setup1", "Setup1\Setup1.vdproj", "{BEB18AFA-06FF-4E18-9977-3CE8DF92F385}"
EndProject
Global
	GlobalSection(SolutionConfigurationPlatforms) = preSolution
		Debug|Any CPU = Debug|Any CPU
		Release|Any CPU = Release|Any CPU
	EndGlobalSection
	GlobalSection(ProjectConfigurationPlatforms) = postSolution
		{500FF1A6-D161-4EC0-AEDB-F6690171FD9E}.Debug|Any CPU.ActiveCfg = Debug|Any CPU
		{500FF1A6-D161-4EC0-AEDB-F6690171FD9E}.Debug|Any CPU.Build.0 = Debug|Any CPU
		{500FF1A6-D161-4EC0-AEDB-F6690171FD9E}.Release|Any CPU.ActiveCfg = Release|Any CPU
		{500FF1A6-D161-4EC0-AEDB-F6690171FD9E}.Release|Any CPU.Build.0 = Release|Any CPU
		{BEB18AFA-06FF-4E18-9977-3CE8DF92F385}.Debug|Any CPU.ActiveCfg = Debug
		{BEB18AFA-06FF-4E18-9977-3CE8DF92F385}.Release|Any CPU.ActiveCfg = Release
	EndGlobalSection
	GlobalSection(SolutionProperties) = preSolution
		HideSolutionNode = FALSE
	EndGlobalSection
	GlobalSection(ExtensibilityGlobals) = postSolution
		SolutionGuid = {C7B8E383-E950-4F5A-82B2-6F19170215CF}
	EndGlobalSection
EndGlobal
